
Microsoft Visual Studio Solution File, Format Version 12.00
# Visual Studio Version 17
VisualStudioVersion = 17.5.002.0
MinimumVisualStudioVersion = 10.0.40219.1
Project("{9A19103F-16F7-4668-BE54-9A1E7A4F7556}") = "NextcloudMicroservice.Api", "src/NextcloudMicroservice.Api/NextcloudMicroservice.Api.csproj", "{424455A6-3A68-4EB2-A1BE-38F7205FF82D}"
EndProject
Global
	GlobalSection(SolutionConfigurationPlatforms) = preSolution
		Debug|Any CPU = Debug|Any CPU
		Release|Any CPU = Release|Any CPU
	EndGlobalSection
	GlobalSection(ProjectConfigurationPlatforms) = postSolution
		{424455A6-3A68-4EB2-A1BE-38F7205FF82D}.Debug|Any CPU.ActiveCfg = Debug|Any CPU
		{424455A6-3A68-4EB2-A1BE-38F7205FF82D}.Debug|Any CPU.Build.0 = Debug|Any CPU
		{424455A6-3A68-4EB2-A1BE-38F7205FF82D}.Release|Any CPU.ActiveCfg = Release|Any CPU
		{424455A6-3A68-4EB2-A1BE-38F7205FF82D}.Release|Any CPU.Build.0 = Release|Any CPU
	EndGlobalSection
	GlobalSection(SolutionProperties) = preSolution
		HideSolutionNode = FALSE
	EndGlobalSection
	GlobalSection(ExtensibilityGlobals) = postSolution
		SolutionGuid = {2B5FDC25-635E-4B5E-BD50-4AD13CBEF0E5}
	EndGlobalSection
EndGlobal
